
Microsoft Visual Studio Solution File, Format Version 12.00
# Visual Studio 15
VisualStudioVersion = 15.0.27703.2042
MinimumVisualStudioVersion = 10.0.40219.1
Project("{FAE04EC0-301F-11D3-BF4B-00C04F79EFBC}") = "Elasticsearch_Web", "Elasticsearch_Web\Elasticsearch_Web.csproj", "{1774FF27-F9CE-430F-87C0-BA4447B7A850}"
EndProject
Global
	GlobalSection(SolutionConfigurationPlatforms) = preSolution
		Debug|Any CPU = Debug|Any CPU
		Release|Any CPU = Release|Any CPU
	EndGlobalSection
	GlobalSection(ProjectConfigurationPlatforms) = postSolution
		{1774FF27-F9CE-430F-87C0-BA4447B7A850}.Debug|Any CPU.ActiveCfg = Debug|Any CPU
		{1774FF27-F9CE-430F-87C0-BA4447B7A850}.Debug|Any CPU.Build.0 = Debug|Any CPU
		{1774FF27-F9CE-430F-87C0-BA4447B7A850}.Release|Any CPU.ActiveCfg = Release|Any CPU
		{1774FF27-F9CE-430F-87C0-BA4447B7A850}.Release|Any CPU.Build.0 = Release|Any CPU
	EndGlobalSection
	GlobalSection(SolutionProperties) = preSolution
		HideSolutionNode = FALSE
	EndGlobalSection
	GlobalSection(ExtensibilityGlobals) = postSolution
		SolutionGuid = {042D5E4E-B801-4DC7-A1BB-3DBC57684EEA}
	EndGlobalSection
EndGlobal
